// !$*UTF8*$!
{
	archiveVersion = 1;
	classes = {
	};
	objectVersion = 46;
	objects = {

/* Begin PBXBuildFile section */
		71444198DAA31F08625798CA /* libPods-TestLogin.a in Frameworks */ = {isa = PBXBuildFile; fileRef = AC19ACCBDAA46FA926792C37 /* libPods-TestLogin.a */; };
		AE27A99C1D61A0A900E8899E /* main.m in Sources */ = {isa = PBXBuildFile; fileRef = AE27A99B1D61A0A900E8899E /* main.m */; };
		AE27A99F1D61A0A900E8899E /* AppDelegate.m in Sources */ = {isa = PBXBuildFile; fileRef = AE27A99E1D61A0A900E8899E /* AppDelegate.m */; };
		AE27A9A21D61A0A900E8899E /* ViewController.m in Sources */ = {isa = PBXBuildFile; fileRef = AE27A9A11D61A0A900E8899E /* ViewController.m */; };
		AE27A9A51D61A0A900E8899E /* Main.storyboard in Resources */ = {isa = PBXBuildFile; fileRef = AE27A9A31D61A0A900E8899E /* Main.storyboard */; };
		AE27A9A71D61A0A900E8899E /* Assets.xcassets in Resources */ = {isa = PBXBuildFile; fileRef = AE27A9A61D61A0A900E8899E /* Assets.xcassets */; };
		AE27A9AA1D61A0A900E8899E /* LaunchScreen.storyboard in Resources */ = {isa = PBXBuildFile; fileRef = AE27A9A81D61A0A900E8899E /* LaunchScreen.storyboard */; };
/* End PBXBuildFile section */

/* Begin PBXFileReference section */
		3A52E131BA7AC6ADBFD2B15B /* Pods-TestLogin.release.xcconfig */ = {isa = PBXFileReference; includeInIndex = 1; lastKnownFileType = text.xcconfig; name = "Pods-TestLogin.release.xcconfig"; path = "Pods/Target Support Files/Pods-TestLogin/Pods-TestLogin.release.xcconfig"; sourceTree = "<group>"; };
		813018021E045B910A1693A9 /* Pods-TestLogin.debug.xcconfig */ = {isa = PBXFileReference; includeInIndex = 1; lastKnownFileType = text.xcconfig; name = "Pods-TestLogin.debug.xcconfig"; path = "Pods/Target Support Files/Pods-TestLogin/Pods-TestLogin.debug.xcconfig"; sourceTree = "<group>"; };
		AC19ACCBDAA46FA926792C37 /* libPods-TestLogin.a */ = {isa = PBXFileReference; explicitFileType = archive.ar; includeInIndex = 0; path = "libPods-TestLogin.a"; sourceTree = BUILT_PRODUCTS_DIR; };
		AE27A9971D61A0A900E8899E /* TestLogin.app */ = {isa = PBXFileReference; explicitFileType = wrapper.application; includeInIndex = 0; path = TestLogin.app; sourceTree = BUILT_PRODUCTS_DIR; };
		AE27A99B1D61A0A900E8899E /* main.m */ = {isa = PBXFileReference; lastKnownFileType = sourcecode.c.objc; path = main.m; sourceTree = "<group>"; };
		AE27A99D1D61A0A900E8899E /* AppDelegate.h */ = {isa = PBXFileReference; lastKnownFileType = sourcecode.c.h; path = AppDelegate.h; sourceTree = "<group>"; };
		AE27A99E1D61A0A900E8899E /* AppDelegate.m */ = {isa = PBXFileReference; lastKnownFileType = sourcecode.c.objc; path = AppDelegate.m; sourceTree = "<group>"; };
		AE27A9A01D61A0A900E8899E /* ViewController.h */ = {isa = PBXFileReference; lastKnownFileType = sourcecode.c.h; path = ViewController.h; sourceTree = "<group>"; };
		AE27A9A11D61A0A900E8899E /* ViewController.m */ = {isa = PBXFileReference; lastKnownFileType = sourcecode.c.objc; path = ViewController.m; sourceTree = "<group>"; };
		AE27A9A41D61A0A900E8899E /* Base */ = {isa = PBXFileReference; lastKnownFileType = file.storyboard; name = Base; path = Base.lproj/Main.storyboard; sourceTree = "<group>"; };
		AE27A9A61D61A0A900E8899E /* Assets.xcassets */ = {isa = PBXFileReference; lastKnownFileType = folder.assetcatalog; path = Assets.xcassets; sourceTree = "<group>"; };
		AE27A9A91D61A0A900E8899E /* Base */ = {isa = PBXFileReference; lastKnownFileType = file.storyboard; name = Base; path = Base.lproj/LaunchScreen.storyboard; sourceTree = "<group>"; };
		AE27A9AB1D61A0A900E8899E /* Info.plist */ = {isa = PBXFileReference; lastKnownFileType = text.plist.xml; path = Info.plist; sourceTree = "<group>"; };
/* End PBXFileReference section */

/* Begin PBXFrameworksBuildPhase section */
		AE27A9941D61A0A900E8899E /* Frameworks */ = {
			isa = PBXFrameworksBuildPhase;
			buildActionMask = 2147483647;
			files = (
				71444198DAA31F08625798CA /* libPods-TestLogin.a in Frameworks */,
			);
			runOnlyForDeploymentPostprocessing = 0;
		};
/* End PBXFrameworksBuildPhase section */

/* Begin PBXGroup section */
		0AE563B643D27544CDE6FB24 /* Frameworks */ = {
			isa = PBXGroup;
			children = (
				AC19ACCBDAA46FA926792C37 /* libPods-TestLogin.a */,
			);
			name = Frameworks;
			sourceTree = "<group>";
		};
		AE27A98E1D61A0A900E8899E = {
			isa = PBXGroup;
			children = (
				AE27A9991D61A0A900E8899E /* TestLogin */,
				AE27A9981D61A0A900E8899E /* Products */,
				DF9B4E2368D0242DC26B0500 /* Pods */,
				0AE563B643D27544CDE6FB24 /* Frameworks */,
			);
			sourceTree = "<group>";
		};
		AE27A9981D61A0A900E8899E /* Products */ = {
			isa = PBXGroup;
			children = (
				AE27A9971D61A0A900E8899E /* TestLogin.app */,
			);
			name = Products;
			sourceTree = "<group>";
		};
		AE27A9991D61A0A900E8899E /* TestLogin */ = {
			isa = PBXGroup;
			children = (
				AE27A99D1D61A0A900E8899E /* AppDelegate.h */,
				AE27A99E1D61A0A900E8899E /* AppDelegate.m */,
				AE27A9A01D61A0A900E8899E /* ViewController.h */,
				AE27A9A11D61A0A900E8899E /* ViewController.m */,
				AE27A9A31D61A0A900E8899E /* Main.storyboard */,
				AE27A9A61D61A0A900E8899E /* Assets.xcassets */,
				AE27A9A81D61A0A900E8899E /* LaunchScreen.storyboard */,
				AE27A9AB1D61A0A900E8899E /* Info.plist */,
				AE27A99A1D61A0A900E8899E /* Supporting Files */,
			);
			path = TestLogin;
			sourceTree = "<group>";
		};
		AE27A99A1D61A0A900E8899E /* Supporting Files */ = {
			isa = PBXGroup;
			children = (
				AE27A99B1D61A0A900E8899E /* main.m */,
			);
			name = "Supporting Files";
			sourceTree = "<group>";
		};
		DF9B4E2368D0242DC26B0500 /* Pods */ = {
			isa = PBXGroup;
			children = (
				813018021E045B910A1693A9 /* Pods-TestLogin.debug.xcconfig */,
				3A52E131BA7AC6ADBFD2B15B /* Pods-TestLogin.release.xcconfig */,
			);
			name = Pods;
			sourceTree = "<group>";
		};
/* End PBXGroup section */

/* Begin PBXNativeTarget section */
		AE27A9961D61A0A900E8899E /* TestLogin */ = {
			isa = PBXNativeTarget;
			buildConfigurationList = AE27A9AE1D61A0A900E8899E /* Build configuration list for PBXNativeTarget "TestLogin" */;
			buildPhases = (
				6D882BBD9662C344A3AD4B31 /* [CP] Check Pods Manifest.lock */,
				AE27A9931D61A0A900E8899E /* Sources */,
				AE27A9941D61A0A900E8899E /* Frameworks */,
				AE27A9951D61A0A900E8899E /* Resources */,
				4EB8E2CCEC6AC8B6FA7FAD7E /* [CP] Embed Pods Frameworks */,
				18C02DF1881E06B2DEEBAF22 /* [CP] Copy Pods Resources */,
			);
			buildRules = (
			);
			dependencies = (
			);
			name = TestLogin;
			productName = TestLogin;
			productReference = AE27A9971D61A0A900E8899E /* TestLogin.app */;
			productType = "com.apple.product-type.application";
		};
/* End PBXNativeTarget section */

/* Begin PBXProject section */
		AE27A98F1D61A0A900E8899E /* Project object */ = {
			isa = PBXProject;
			attributes = {
				LastUpgradeCheck = 0730;
				ORGANIZATIONNAME = ljwang;
				TargetAttributes = {
					AE27A9961D61A0A900E8899E = {
						CreatedOnToolsVersion = 7.3.1;
					};
				};
			};
			buildConfigurationList = AE27A9921D61A0A900E8899E /* Build configuration list for PBXProject "TestLogin" */;
			compatibilityVersion = "Xcode 3.2";
			developmentRegion = English;
			hasScannedForEncodings = 0;
			knownRegions = (
				en,
				Base,
			);
			mainGroup = AE27A98E1D61A0A900E8899E;
			productRefGroup = AE27A9981D61A0A900E8899E /* Products */;
			projectDirPath = "";
			projectRoot = "";
			targets = (
				AE27A9961D61A0A900E8899E /* TestLogin */,
			);
		};
/* End PBXProject section */

/* Begin PBXResourcesBuildPhase section */
		AE27A9951D61A0A900E8899E /* Resources */ = {
			isa = PBXResourcesBuildPhase;
			buildActionMask = 2147483647;
			files = (
				AE27A9AA1D61A0A900E8899E /* LaunchScreen.storyboard in Resources */,
				AE27A9A71D61A0A900E8899E /* Assets.xcassets in Resources */,
				AE27A9A51D61A0A900E8899E /* Main.storyboard in Resources */,
			);
			runOnlyForDeploymentPostprocessing = 0;
		};
/* End PBXResourcesBuildPhase section */

/* Begin PBXShellScriptBuildPhase section */
		18C02DF1881E06B2DEEBAF22 /* [CP] Copy Pods Resources */ = {
			isa = PBXShellScriptBuildPhase;
			buildActionMask = 2147483647;
			files = (
			);
			inputPaths = (
			);
			name = "[CP] Copy Pods Resources";
			outputPaths = (
			);
			runOnlyForDeploymentPostprocessing = 0;
			shellPath = /bin/sh;
			shellScript = "\"${SRCROOT}/Pods/Target Support Files/Pods-TestLogin/Pods-TestLogin-resources.sh\"\n";
			showEnvVarsInLog = 0;
		};
		4EB8E2CCEC6AC8B6FA7FAD7E /* [CP] Embed Pods Frameworks */ = {
			isa = PBXShellScriptBuildPhase;
			buildActionMask = 2147483647;
			files = (
			);
			inputPaths = (
			);
			name = "[CP] Embed Pods Frameworks";
			outputPaths = (
			);
			runOnlyForDeploymentPostprocessing = 0;
			shellPath = /bin/sh;
			shellScript = "\"${SRCROOT}/Pods/Target Support Files/Pods-TestLogin/Pods-TestLogin-frameworks.sh\"\n";
			showEnvVarsInLog = 0;
		};
		6D882BBD9662C344A3AD4B31 /* [CP] Check Pods Manifest.lock */ = {
			isa = PBXShellScriptBuildPhase;
			buildActionMask = 2147483647;
			files = (
			);
			inputPaths = (
			);
			name = "[CP] Check Pods Manifest.lock";
			outputPaths = (
			);
			runOnlyForDeploymentPostprocessing = 0;
			shellPath = /bin/sh;
			shellScript = "diff \"${PODS_ROOT}/../Podfile.lock\" \"${PODS_ROOT}/Manifest.lock\" > /dev/null\nif [[ $? != 0 ]] ; then\n    cat << EOM\nerror: The sandbox is not in sync with the Podfile.lock. Run 'pod install' or update your CocoaPods installation.\nEOM\n    exit 1\nfi\n";
			showEnvVarsInLog = 0;
		};
/* End PBXShellScriptBuildPhase section */

/* Begin PBXSourcesBuildPhase section */
		AE27A9931D61A0A900E8899E /* Sources */ = {
			isa = PBXSourcesBuildPhase;
			buildActionMask = 2147483647;
			files = (
				AE27A9A21D61A0A900E8899E /* ViewController.m in Sources */,
				AE27A99F1D61A0A900E8899E /* AppDelegate.m in Sources */,
				AE27A99C1D61A0A900E8899E /* main.m in Sources */,
			);
			runOnlyForDeploymentPostprocessing = 0;
		};
/* End PBXSourcesBuildPhase section */

/* Begin PBXVariantGroup section */
		AE27A9A31D61A0A900E8899E /* Main.storyboard */ = {
			isa = PBXVariantGroup;
			children = (
				AE27A9A41D61A0A900E8899E /* Base */,
			);
			name = Main.storyboard;
			sourceTree = "<group>";
		};
		AE27A9A81D61A0A900E8899E /* LaunchScreen.storyboard */ = {
			isa = PBXVariantGroup;
			children = (
				AE27A9A91D61A0A900E8899E /* Base */,
			);
			name = LaunchScreen.storyboard;
			sourceTree = "<group>";
		};
/* End PBXVariantGroup section */

/* Begin XCBuildConfiguration section */
		AE27A9AC1D61A0A900E8899E /* Debug */ = {
			isa = XCBuildConfiguration;
			buildSettings = {
				ALWAYS_SEARCH_USER_PATHS = NO;
				CLANG_ANALYZER_NONNULL = YES;
				CLANG_CXX_LANGUAGE_STANDARD = "gnu++0x";
				CLANG_CXX_LIBRARY = "libc++";
				CLANG_ENABLE_MODULES = YES;
				CLANG_ENABLE_OBJC_ARC = YES;
				CLANG_WARN_BOOL_CONVERSION = YES;
				CLANG_WARN_CONSTANT_CONVERSION = YES;
				CLANG_WARN_DIRECT_OBJC_ISA_USAGE = YES_ERROR;
				CLANG_WARN_EMPTY_BODY = YES;
				CLANG_WARN_ENUM_CONVERSION = YES;
				CLANG_WARN_INT_CONVERSION = YES;
				CLANG_WARN_OBJC_ROOT_CLASS = YES_ERROR;
				CLANG_WARN_UNREACHABLE_CODE = YES;
				CLANG_WARN__DUPLICATE_METHOD_MATCH = YES;
				"CODE_SIGN_IDENTITY[sdk=iphoneos*]" = "iPhone Developer";
				COPY_PHASE_STRIP = NO;
				DEBUG_INFORMATION_FORMAT = dwarf;
				ENABLE_STRICT_OBJC_MSGSEND = YES;
				ENABLE_TESTABILITY = YES;
				GCC_C_LANGUAGE_STANDARD = gnu99;
				GCC_DYNAMIC_NO_PIC = NO;
				GCC_NO_COMMON_BLOCKS = YES;
				GCC_OPTIMIZATION_LEVEL = 0;
				GCC_PREPROCESSOR_DEFINITIONS = (
					"DEBUG=1",
					"$(inherited)",
				);
				GCC_WARN_64_TO_32_BIT_CONVERSION = YES;
				GCC_WARN_ABOUT_RETURN_TYPE = YES_ERROR;
				GCC_WARN_UNDECLARED_SELECTOR = YES;
				GCC_WARN_UNINITIALIZED_AUTOS = YES_AGGRESSIVE;
				GCC_WARN_UNUSED_FUNCTION = YES;
				GCC_WARN_UNUSED_VARIABLE = YES;
				IPHONEOS_DEPLOYMENT_TARGET = 9.3;
				MTL_ENABLE_DEBUG_INFO = YES;
				ONLY_ACTIVE_ARCH = YES;
				SDKROOT = iphoneos;
				TARGETED_DEVICE_FAMILY = "1,2";
			};
			name = Debug;
		};
		AE27A9AD1D61A0A900E8899E /* Release */ = {
			isa = XCBuildConfiguration;
			buildSettings = {
				ALWAYS_SEARCH_USER_PATHS = NO;
				CLANG_ANALYZER_NONNULL = YES;
				CLANG_CXX_LANGUAGE_STANDARD = "gnu++0x";
				CLANG_CXX_LIBRARY = "libc++";
				CLANG_ENABLE_MODULES = YES;
				CLANG_ENABLE_OBJC_ARC = YES;
				CLANG_WARN_BOOL_CONVERSION = YES;
				CLANG_WARN_CONSTANT_CONVERSION = YES;
				CLANG_WARN_DIRECT_OBJC_ISA_USAGE = YES_ERROR;
				CLANG_WARN_EMPTY_BODY = YES;
				CLANG_WARN_ENUM_CONVERSION = YES;
				CLANG_WARN_INT_CONVERSION = YES;
				CLANG_WARN_OBJC_ROOT_CLASS = YES_ERROR;
				CLANG_WARN_UNREACHABLE_CODE = YES;
				CLANG_WARN__DUPLICATE_METHOD_MATCH = YES;
				"CODE_SIGN_IDENTITY[sdk=iphoneos*]" = "iPhone Developer";
				COPY_PHASE_STRIP = NO;
				DEBUG_INFORMATION_FORMAT = "dwarf-with-dsym";
				ENABLE_NS_ASSERTIONS = NO;
				ENABLE_STRICT_OBJC_MSGSEND = YES;
				GCC_C_LANGUAGE_STANDARD = gnu99;
				GCC_NO_COMMON_BLOCKS = YES;
				GCC_WARN_64_TO_32_BIT_CONVERSION = YES;
				GCC_WARN_ABOUT_RETURN_TYPE = YES_ERROR;
				GCC_WARN_UNDECLARED_SELECTOR = YES;
				GCC_WARN_UNINITIALIZED_AUTOS = YES_AGGRESSIVE;
				GCC_WARN_UNUSED_FUNCTION = YES;
				GCC_WARN_UNUSED_VARIABLE = YES;
				IPHONEOS_DEPLOYMENT_TARGET = 9.3;
				MTL_ENABLE_DEBUG_INFO = NO;
				SDKROOT = iphoneos;
				TARGETED_DEVICE_FAMILY = "1,2";
				VALIDATE_PRODUCT = YES;
			};
			name = Release;
		};
		AE27A9AF1D61A0A900E8899E /* Debug */ = {
			isa = XCBuildConfiguration;
			baseConfigurationReference = 813018021E045B910A1693A9 /* Pods-TestLogin.debug.xcconfig */;
			buildSettings = {
				ASSETCATALOG_COMPILER_APPICON_NAME = AppIcon;
				INFOPLIST_FILE = TestLogin/Info.plist;
				LD_RUNPATH_SEARCH_PATHS = "$(inherited) @executable_path/Frameworks";
				PRODUCT_BUNDLE_IDENTIFIER = com.thoughtworks.TestLogin;
				PRODUCT_NAME = "$(TARGET_NAME)";
			};
			name = Debug;
		};
		AE27A9B01D61A0A900E8899E /* Release */ = {
			isa = XCBuildConfiguration;
			baseConfigurationReference = 3A52E131BA7AC6ADBFD2B15B /* Pods-TestLogin.release.xcconfig */;
			buildSettings = {
				ASSETCATALOG_COMPILER_APPICON_NAME = AppIcon;
				INFOPLIST_FILE = TestLogin/Info.plist;
				LD_RUNPATH_SEARCH_PATHS = "$(inherited) @executable_path/Frameworks";
				PRODUCT_BUNDLE_IDENTIFIER = com.thoughtworks.TestLogin;
				PRODUCT_NAME = "$(TARGET_NAME)";
			};
			name = Release;
		};
/* End XCBuildConfiguration section */

/* Begin XCConfigurationList section */
		AE27A9921D61A0A900E8899E /* Build configuration list for PBXProject "TestLogin" */ = {
			isa = XCConfigurationList;
			buildConfigurations = (
				AE27A9AC1D61A0A900E8899E /* Debug */,
				AE27A9AD1D61A0A900E8899E /* Release */,
			);
			defaultConfigurationIsVisible = 0;
			defaultConfigurationName = Release;
		};
		AE27A9AE1D61A0A900E8899E /* Build configuration list for PBXNativeTarget "TestLogin" */ = {
			isa = XCConfigurationList;
			buildConfigurations = (
				AE27A9AF1D61A0A900E8899E /* Debug */,
				AE27A9B01D61A0A900E8899E /* Release */,
			);
			defaultConfigurationIsVisible = 0;
			defaultConfigurationName = Release;
		};
/* End XCConfigurationList section */
	};
	rootObject = AE27A98F1D61A0A900E8899E /* Project object */;
}
